{
  "name": "purescript-graphql-client",
  "version": "10.0.7",
  "lockfileVersion": 2,
  "requires": true,
  "packages": {
    "": {
      "name": "purescript-graphql-client",
      "version": "10.0.7",
      "license": "ISC",
      "dependencies": {
        "@urql/core": "^1.16.2",
        "graphql": "^16.5.0",
        "graphql-ws": "^5.9.1",
        "rimraf": "6.1.2"
      },
      "devDependencies": {
        "@apollo/client": "3.6",
        "exec-sh": "^0.4.0",
        "wonka": "^4.0.15"
      }
    },
    "node_modules/@apollo/client": {
      "version": "3.6.9",
      "resolved": "https://registry.npmjs.org/@apollo/client/-/client-3.6.9.tgz",
      "integrity": "sha512-Y1yu8qa2YeaCUBVuw08x8NHenFi0sw2I3KCu7Kw9mDSu86HmmtHJkCAifKVrN2iPgDTW/BbP3EpSV8/EQCcxZA==",
      "dev": true,
      "dependencies": {
        "@graphql-typed-document-node/core": "^3.1.1",
        "@wry/context": "^0.6.0",
        "@wry/equality": "^0.5.0",
        "@wry/trie": "^0.3.0",
        "graphql-tag": "^2.12.6",
        "hoist-non-react-statics": "^3.3.2",
        "optimism": "^0.16.1",
        "prop-types": "^15.7.2",
        "symbol-observable": "^4.0.0",
        "ts-invariant": "^0.10.3",
        "tslib": "^2.3.0",
        "zen-observable-ts": "^1.2.5"
      },
      "peerDependencies": {
        "graphql": "^14.0.0 || ^15.0.0 || ^16.0.0",
        "graphql-ws": "^5.5.5",
        "react": "^16.8.0 || ^17.0.0 || ^18.0.0",
        "subscriptions-transport-ws": "^0.9.0 || ^0.11.0"
      },
      "peerDependenciesMeta": {
        "graphql-ws": {
          "optional": true
        },
        "react": {
          "optional": true
        },
        "subscriptions-transport-ws": {
          "optional": true
        }
      }
    },
    "node_modules/@graphql-typed-document-node/core": {
      "version": "3.1.1",
      "resolved": "https://registry.npmjs.org/@graphql-typed-document-node/core/-/core-3.1.1.tgz",
      "integrity": "sha512-NQ17ii0rK1b34VZonlmT2QMJFI70m0TRwbknO/ihlbatXyaktDhN/98vBiUU6kNBPljqGqyIrl2T4nY2RpFANg==",
      "peerDependencies": {
        "graphql": "^0.8.0 || ^0.9.0 || ^0.10.0 || ^0.11.0 || ^0.12.0 || ^0.13.0 || ^14.0.0 || ^15.0.0 || ^16.0.0"
      }
    },
    "node_modules/@isaacs/balanced-match": {
      "version": "4.0.1",
      "resolved": "https://registry.npmjs.org/@isaacs/balanced-match/-/balanced-match-4.0.1.tgz",
      "integrity": "sha512-yzMTt9lEb8Gv7zRioUilSglI0c0smZ9k5D65677DLWLtWJaXIS3CqcGyUFByYKlnUj6TkjLVs54fBl6+TiGQDQ==",
      "license": "MIT",
      "engines": {
        "node": "20 || >=22"
      }
    },
    "node_modules/@isaacs/brace-expansion": {
      "version": "5.0.0",
      "resolved": "https://registry.npmjs.org/@isaacs/brace-expansion/-/brace-expansion-5.0.0.tgz",
      "integrity": "sha512-ZT55BDLV0yv0RBm2czMiZ+SqCGO7AvmOM3G/w2xhVPH+te0aKgFjmBvGlL1dH+ql2tgGO3MVrbb3jCKyvpgnxA==",
      "license": "MIT",
      "dependencies": {
        "@isaacs/balanced-match": "^4.0.1"
      },
      "engines": {
        "node": "20 || >=22"
      }
    },
    "node_modules/@urql/core": {
      "version": "1.16.2",
      "resolved": "https://registry.npmjs.org/@urql/core/-/core-1.16.2.tgz",
      "integrity": "sha512-Be2ekFcRovpLx6EKu/w7M3jJdC32Ev3eXJgXcJD7pVDgjv/RfUbYC4tGU87VrvQDJOg+t4gHFtIR6Vr9ws7mbg==",
      "dependencies": {
        "@graphql-typed-document-node/core": "^3.1.0",
        "wonka": "^4.0.14"
      }
    },
    "node_modules/@wry/context": {
      "version": "0.6.1",
      "resolved": "https://registry.npmjs.org/@wry/context/-/context-0.6.1.tgz",
      "integrity": "sha512-LOmVnY1iTU2D8tv4Xf6MVMZZ+juIJ87Kt/plMijjN20NMAXGmH4u8bS1t0uT74cZ5gwpocYueV58YwyI8y+GKw==",
      "dev": true,
      "dependencies": {
        "tslib": "^2.3.0"
      },
      "engines": {
        "node": ">=8"
      }
    },
    "node_modules/@wry/equality": {
      "version": "0.5.2",
      "resolved": "https://registry.npmjs.org/@wry/equality/-/equality-0.5.2.tgz",
      "integrity": "sha512-oVMxbUXL48EV/C0/M7gLVsoK6qRHPS85x8zECofEZOVvxGmIPLA9o5Z27cc2PoAyZz1S2VoM2A7FLAnpfGlneA==",
      "dev": true,
      "dependencies": {
        "tslib": "^2.3.0"
      },
      "engines": {
        "node": ">=8"
      }
    },
    "node_modules/@wry/trie": {
      "version": "0.3.1",
      "resolved": "https://registry.npmjs.org/@wry/trie/-/trie-0.3.1.tgz",
      "integrity": "sha512-WwB53ikYudh9pIorgxrkHKrQZcCqNM/Q/bDzZBffEaGUKGuHrRb3zZUT9Sh2qw9yogC7SsdRmQ1ER0pqvd3bfw==",
      "dev": true,
      "dependencies": {
        "tslib": "^2.3.0"
      },
      "engines": {
        "node": ">=8"
      }
    },
    "node_modules/exec-sh": {
      "version": "0.4.0",
      "resolved": "https://registry.npmjs.org/exec-sh/-/exec-sh-0.4.0.tgz",
      "integrity": "sha512-BgAFra+J+hK/wquyWchMiqgaxSv1ec2c+//DRSePlF3NLx/tBOmkIkJEc1hWrX4Yis3tzxgv1+FiFs/mmucs/g==",
      "dev": true
    },
    "node_modules/glob": {
      "version": "13.0.0",
      "resolved": "https://registry.npmjs.org/glob/-/glob-13.0.0.tgz",
      "integrity": "sha512-tvZgpqk6fz4BaNZ66ZsRaZnbHvP/jG3uKJvAZOwEVUL4RTA5nJeeLYfyN9/VA8NX/V3IBG+hkeuGpKjvELkVhA==",
      "license": "BlueOak-1.0.0",
      "dependencies": {
        "minimatch": "^10.1.1",
        "minipass": "^7.1.2",
        "path-scurry": "^2.0.0"
      },
      "engines": {
        "node": "20 || >=22"
      },
      "funding": {
        "url": "https://github.com/sponsors/isaacs"
      }
    },
    "node_modules/graphql": {
      "version": "16.12.0",
      "resolved": "https://registry.npmjs.org/graphql/-/graphql-16.12.0.tgz",
      "integrity": "sha512-DKKrynuQRne0PNpEbzuEdHlYOMksHSUI8Zc9Unei5gTsMNA2/vMpoMz/yKba50pejK56qj98qM0SjYxAKi13gQ==",
      "license": "MIT",
      "engines": {
        "node": "^12.22.0 || ^14.16.0 || ^16.0.0 || >=17.0.0"
      }
    },
    "node_modules/graphql-tag": {
      "version": "2.12.6",
      "resolved": "https://registry.npmjs.org/graphql-tag/-/graphql-tag-2.12.6.tgz",
      "integrity": "sha512-FdSNcu2QQcWnM2VNvSCCDCVS5PpPqpzgFT8+GXzqJuoDd0CBncxCY278u4mhRO7tMgo2JjgJA5aZ+nWSQ/Z+xg==",
      "dev": true,
      "dependencies": {
        "tslib": "^2.1.0"
      },
      "engines": {
        "node": ">=10"
      },
      "peerDependencies": {
        "graphql": "^0.9.0 || ^0.10.0 || ^0.11.0 || ^0.12.0 || ^0.13.0 || ^14.0.0 || ^15.0.0 || ^16.0.0"
      }
    },
    "node_modules/graphql-ws": {
      "version": "5.16.2",
      "resolved": "https://registry.npmjs.org/graphql-ws/-/graphql-ws-5.16.2.tgz",
      "integrity": "sha512-E1uccsZxt/96jH/OwmLPuXMACILs76pKF2i3W861LpKBCYtGIyPQGtWLuBLkND4ox1KHns70e83PS4te50nvPQ==",
      "license": "MIT",
      "engines": {
        "node": ">=10"
      },
      "peerDependencies": {
        "graphql": ">=0.11 <=16"
      }
    },
    "node_modules/hoist-non-react-statics": {
      "version": "3.3.2",
      "resolved": "https://registry.npmjs.org/hoist-non-react-statics/-/hoist-non-react-statics-3.3.2.tgz",
      "integrity": "sha512-/gGivxi8JPKWNm/W0jSmzcMPpfpPLc3dY/6GxhX2hQ9iGj3aDfklV4ET7NjKpSinLpJ5vafa9iiGIEZg10SfBw==",
      "dev": true,
      "dependencies": {
        "react-is": "^16.7.0"
      }
    },
    "node_modules/js-tokens": {
      "version": "4.0.0",
      "resolved": "https://registry.npmjs.org/js-tokens/-/js-tokens-4.0.0.tgz",
      "integrity": "sha512-RdJUflcE3cUzKiMqQgsCu06FPu9UdIJO0beYbPhHN4k6apgJtifcoCtT9bcxOpYBtpD2kCM6Sbzg4CausW/PKQ==",
      "dev": true
    },
    "node_modules/loose-envify": {
      "version": "1.4.0",
      "resolved": "https://registry.npmjs.org/loose-envify/-/loose-envify-1.4.0.tgz",
      "integrity": "sha512-lyuxPGr/Wfhrlem2CL/UcnUc1zcqKAImBDzukY7Y5F/yQiNdko6+fRLevlw1HgMySw7f611UIY408EtxRSoK3Q==",
      "dev": true,
      "dependencies": {
        "js-tokens": "^3.0.0 || ^4.0.0"
      },
      "bin": {
        "loose-envify": "cli.js"
      }
    },
    "node_modules/lru-cache": {
      "version": "11.2.2",
      "resolved": "https://registry.npmjs.org/lru-cache/-/lru-cache-11.2.2.tgz",
      "integrity": "sha512-F9ODfyqML2coTIsQpSkRHnLSZMtkU8Q+mSfcaIyKwy58u+8k5nvAYeiNhsyMARvzNcXJ9QfWVrcPsC9e9rAxtg==",
      "license": "ISC",
      "engines": {
        "node": "20 || >=22"
      }
    },
    "node_modules/minimatch": {
      "version": "10.1.1",
      "resolved": "https://registry.npmjs.org/minimatch/-/minimatch-10.1.1.tgz",
      "integrity": "sha512-enIvLvRAFZYXJzkCYG5RKmPfrFArdLv+R+lbQ53BmIMLIry74bjKzX6iHAm8WYamJkhSSEabrWN5D97XnKObjQ==",
      "license": "BlueOak-1.0.0",
      "dependencies": {
        "@isaacs/brace-expansion": "^5.0.0"
      },
      "engines": {
        "node": "20 || >=22"
      },
      "funding": {
        "url": "https://github.com/sponsors/isaacs"
      }
    },
    "node_modules/minipass": {
      "version": "7.1.2",
      "resolved": "https://registry.npmjs.org/minipass/-/minipass-7.1.2.tgz",
      "integrity": "sha512-qOOzS1cBTWYF4BH8fVePDBOO9iptMnGUEZwNc/cMWnTV2nVLZ7VoNWEPHkYczZA0pdoA7dl6e7FL659nX9S2aw==",
      "license": "ISC",
      "engines": {
        "node": ">=16 || 14 >=14.17"
      }
    },
    "node_modules/object-assign": {
      "version": "4.1.1",
      "resolved": "https://registry.npmjs.org/object-assign/-/object-assign-4.1.1.tgz",
      "integrity": "sha1-IQmtx5ZYh8/AXLvUQsrIv7s2CGM=",
      "dev": true,
      "engines": {
        "node": ">=0.10.0"
      }
    },
    "node_modules/optimism": {
      "version": "0.16.1",
      "resolved": "https://registry.npmjs.org/optimism/-/optimism-0.16.1.tgz",
      "integrity": "sha512-64i+Uw3otrndfq5kaoGNoY7pvOhSsjFEN4bdEFh80MWVk/dbgJfMv7VFDeCT8LxNAlEVhQmdVEbfE7X2nWNIIg==",
      "dev": true,
      "dependencies": {
        "@wry/context": "^0.6.0",
        "@wry/trie": "^0.3.0"
      }
    },
    "node_modules/package-json-from-dist": {
      "version": "1.0.1",
      "resolved": "https://registry.npmjs.org/package-json-from-dist/-/package-json-from-dist-1.0.1.tgz",
      "integrity": "sha512-UEZIS3/by4OC8vL3P2dTXRETpebLI2NiI5vIrjaD/5UtrkFX/tNbwjTSRAGC/+7CAo2pIcBaRgWmcBBHcsaCIw==",
      "license": "BlueOak-1.0.0"
    },
    "node_modules/path-scurry": {
      "version": "2.0.1",
      "resolved": "https://registry.npmjs.org/path-scurry/-/path-scurry-2.0.1.tgz",
      "integrity": "sha512-oWyT4gICAu+kaA7QWk/jvCHWarMKNs6pXOGWKDTr7cw4IGcUbW+PeTfbaQiLGheFRpjo6O9J0PmyMfQPjH71oA==",
      "license": "BlueOak-1.0.0",
      "dependencies": {
        "lru-cache": "^11.0.0",
        "minipass": "^7.1.2"
      },
      "engines": {
        "node": "20 || >=22"
      },
      "funding": {
        "url": "https://github.com/sponsors/isaacs"
      }
    },
    "node_modules/prop-types": {
      "version": "15.7.2",
      "resolved": "https://registry.npmjs.org/prop-types/-/prop-types-15.7.2.tgz",
      "integrity": "sha512-8QQikdH7//R2vurIJSutZ1smHYTcLpRWEOlHnzcWHmBYrOGUysKwSsrC89BCiFj3CbrfJ/nXFdJepOVrY1GCHQ==",
      "dev": true,
      "dependencies": {
        "loose-envify": "^1.4.0",
        "object-assign": "^4.1.1",
        "react-is": "^16.8.1"
      }
    },
    "node_modules/react-is": {
      "version": "16.13.1",
      "resolved": "https://registry.npmjs.org/react-is/-/react-is-16.13.1.tgz",
      "integrity": "sha512-24e6ynE2H+OKt4kqsOvNd8kBpV65zoxbA4BVsEOB3ARVWQki/DHzaUoC5KuON/BiccDaCCTZBuOcfZs70kR8bQ==",
      "dev": true
    },
    "node_modules/rimraf": {
      "version": "6.1.2",
      "resolved": "https://registry.npmjs.org/rimraf/-/rimraf-6.1.2.tgz",
      "integrity": "sha512-cFCkPslJv7BAXJsYlK1dZsbP8/ZNLkCAQ0bi1hf5EKX2QHegmDFEFA6QhuYJlk7UDdc+02JjO80YSOrWPpw06g==",
      "license": "BlueOak-1.0.0",
      "dependencies": {
        "glob": "^13.0.0",
        "package-json-from-dist": "^1.0.1"
      },
      "bin": {
        "rimraf": "dist/esm/bin.mjs"
      },
      "engines": {
        "node": "20 || >=22"
      },
      "funding": {
        "url": "https://github.com/sponsors/isaacs"
      }
    },
    "node_modules/symbol-observable": {
      "version": "4.0.0",
      "resolved": "https://registry.npmjs.org/symbol-observable/-/symbol-observable-4.0.0.tgz",
      "integrity": "sha512-b19dMThMV4HVFynSAM1++gBHAbk2Tc/osgLIBZMKsyqh34jb2e8Os7T6ZW/Bt3pJFdBTd2JwAnAAEQV7rSNvcQ==",
      "dev": true,
      "engines": {
        "node": ">=0.10"
      }
    },
    "node_modules/ts-invariant": {
      "version": "0.10.3",
      "resolved": "https://registry.npmjs.org/ts-invariant/-/ts-invariant-0.10.3.tgz",
      "integrity": "sha512-uivwYcQaxAucv1CzRp2n/QdYPo4ILf9VXgH19zEIjFx2EJufV16P0JtJVpYHy89DItG6Kwj2oIUjrcK5au+4tQ==",
      "dev": true,
      "dependencies": {
        "tslib": "^2.1.0"
      },
      "engines": {
        "node": ">=8"
      }
    },
    "node_modules/tslib": {
      "version": "2.4.0",
      "resolved": "https://registry.npmjs.org/tslib/-/tslib-2.4.0.tgz",
      "integrity": "sha512-d6xOpEDfsi2CZVlPQzGeux8XMwLT9hssAsaPYExaQMuYskwb+x1x7J371tWlbBdWHroy99KnVB6qIkUbs5X3UQ==",
      "dev": true
    },
    "node_modules/wonka": {
      "version": "4.0.15",
      "resolved": "https://registry.npmjs.org/wonka/-/wonka-4.0.15.tgz",
      "integrity": "sha512-U0IUQHKXXn6PFo9nqsHphVCE5m3IntqZNB9Jjn7EB1lrR7YTDY3YWgFvEvwniTzXSvOH/XMzAZaIfJF/LvHYXg=="
    },
    "node_modules/zen-observable": {
      "version": "0.8.15",
      "resolved": "https://registry.npmjs.org/zen-observable/-/zen-observable-0.8.15.tgz",
      "integrity": "sha512-PQ2PC7R9rslx84ndNBZB/Dkv8V8fZEpk83RLgXtYd0fwUgEjseMn1Dgajh2x6S8QbZAFa9p2qVCEuYZNgve0dQ==",
      "dev": true
    },
    "node_modules/zen-observable-ts": {
      "version": "1.2.5",
      "resolved": "https://registry.npmjs.org/zen-observable-ts/-/zen-observable-ts-1.2.5.tgz",
      "integrity": "sha512-QZWQekv6iB72Naeake9hS1KxHlotfRpe+WGNbNx5/ta+R3DNjVO2bswf63gXlWDcs+EMd7XY8HfVQyP1X6T4Zg==",
      "dev": true,
      "dependencies": {
        "zen-observable": "0.8.15"
      }
    }
  },
  "dependencies": {
    "@apollo/client": {
      "version": "3.6.9",
      "resolved": "https://registry.npmjs.org/@apollo/client/-/client-3.6.9.tgz",
      "integrity": "sha512-Y1yu8qa2YeaCUBVuw08x8NHenFi0sw2I3KCu7Kw9mDSu86HmmtHJkCAifKVrN2iPgDTW/BbP3EpSV8/EQCcxZA==",
      "dev": true,
      "requires": {
        "@graphql-typed-document-node/core": "^3.1.1",
        "@wry/context": "^0.6.0",
        "@wry/equality": "^0.5.0",
        "@wry/trie": "^0.3.0",
        "graphql-tag": "^2.12.6",
        "hoist-non-react-statics": "^3.3.2",
        "optimism": "^0.16.1",
        "prop-types": "^15.7.2",
        "symbol-observable": "^4.0.0",
        "ts-invariant": "^0.10.3",
        "tslib": "^2.3.0",
        "zen-observable-ts": "^1.2.5"
      }
    },
    "@graphql-typed-document-node/core": {
      "version": "3.1.1",
      "resolved": "https://registry.npmjs.org/@graphql-typed-document-node/core/-/core-3.1.1.tgz",
      "integrity": "sha512-NQ17ii0rK1b34VZonlmT2QMJFI70m0TRwbknO/ihlbatXyaktDhN/98vBiUU6kNBPljqGqyIrl2T4nY2RpFANg==",
      "requires": {}
    },
    "@isaacs/balanced-match": {
      "version": "4.0.1",
      "resolved": "https://registry.npmjs.org/@isaacs/balanced-match/-/balanced-match-4.0.1.tgz",
      "integrity": "sha512-yzMTt9lEb8Gv7zRioUilSglI0c0smZ9k5D65677DLWLtWJaXIS3CqcGyUFByYKlnUj6TkjLVs54fBl6+TiGQDQ=="
    },
    "@isaacs/brace-expansion": {
      "version": "5.0.0",
      "resolved": "https://registry.npmjs.org/@isaacs/brace-expansion/-/brace-expansion-5.0.0.tgz",
      "integrity": "sha512-ZT55BDLV0yv0RBm2czMiZ+SqCGO7AvmOM3G/w2xhVPH+te0aKgFjmBvGlL1dH+ql2tgGO3MVrbb3jCKyvpgnxA==",
      "requires": {
        "@isaacs/balanced-match": "^4.0.1"
      }
    },
    "@urql/core": {
      "version": "1.16.2",
      "resolved": "https://registry.npmjs.org/@urql/core/-/core-1.16.2.tgz",
      "integrity": "sha512-Be2ekFcRovpLx6EKu/w7M3jJdC32Ev3eXJgXcJD7pVDgjv/RfUbYC4tGU87VrvQDJOg+t4gHFtIR6Vr9ws7mbg==",
      "requires": {
        "@graphql-typed-document-node/core": "^3.1.0",
        "wonka": "^4.0.14"
      }
    },
    "@wry/context": {
      "version": "0.6.1",
      "resolved": "https://registry.npmjs.org/@wry/context/-/context-0.6.1.tgz",
      "integrity": "sha512-LOmVnY1iTU2D8tv4Xf6MVMZZ+juIJ87Kt/plMijjN20NMAXGmH4u8bS1t0uT74cZ5gwpocYueV58YwyI8y+GKw==",
      "dev": true,
      "requires": {
        "tslib": "^2.3.0"
      }
    },
    "@wry/equality": {
      "version": "0.5.2",
      "resolved": "https://registry.npmjs.org/@wry/equality/-/equality-0.5.2.tgz",
      "integrity": "sha512-oVMxbUXL48EV/C0/M7gLVsoK6qRHPS85x8zECofEZOVvxGmIPLA9o5Z27cc2PoAyZz1S2VoM2A7FLAnpfGlneA==",
      "dev": true,
      "requires": {
        "tslib": "^2.3.0"
      }
    },
    "@wry/trie": {
      "version": "0.3.1",
      "resolved": "https://registry.npmjs.org/@wry/trie/-/trie-0.3.1.tgz",
      "integrity": "sha512-WwB53ikYudh9pIorgxrkHKrQZcCqNM/Q/bDzZBffEaGUKGuHrRb3zZUT9Sh2qw9yogC7SsdRmQ1ER0pqvd3bfw==",
      "dev": true,
      "requires": {
        "tslib": "^2.3.0"
      }
    },
    "exec-sh": {
      "version": "0.4.0",
      "resolved": "https://registry.npmjs.org/exec-sh/-/exec-sh-0.4.0.tgz",
      "integrity": "sha512-BgAFra+J+hK/wquyWchMiqgaxSv1ec2c+//DRSePlF3NLx/tBOmkIkJEc1hWrX4Yis3tzxgv1+FiFs/mmucs/g==",
      "dev": true
    },
    "glob": {
      "version": "13.0.0",
      "resolved": "https://registry.npmjs.org/glob/-/glob-13.0.0.tgz",
      "integrity": "sha512-tvZgpqk6fz4BaNZ66ZsRaZnbHvP/jG3uKJvAZOwEVUL4RTA5nJeeLYfyN9/VA8NX/V3IBG+hkeuGpKjvELkVhA==",
      "requires": {
        "minimatch": "^10.1.1",
        "minipass": "^7.1.2",
        "path-scurry": "^2.0.0"
      }
    },
    "graphql": {
      "version": "16.12.0",
      "resolved": "https://registry.npmjs.org/graphql/-/graphql-16.12.0.tgz",
      "integrity": "sha512-DKKrynuQRne0PNpEbzuEdHlYOMksHSUI8Zc9Unei5gTsMNA2/vMpoMz/yKba50pejK56qj98qM0SjYxAKi13gQ=="
    },
    "graphql-tag": {
      "version": "2.12.6",
      "resolved": "https://registry.npmjs.org/graphql-tag/-/graphql-tag-2.12.6.tgz",
      "integrity": "sha512-FdSNcu2QQcWnM2VNvSCCDCVS5PpPqpzgFT8+GXzqJuoDd0CBncxCY278u4mhRO7tMgo2JjgJA5aZ+nWSQ/Z+xg==",
      "dev": true,
      "requires": {
        "tslib": "^2.1.0"
      }
    },
    "graphql-ws": {
      "version": "5.16.2",
      "resolved": "https://registry.npmjs.org/graphql-ws/-/graphql-ws-5.16.2.tgz",
      "integrity": "sha512-E1uccsZxt/96jH/OwmLPuXMACILs76pKF2i3W861LpKBCYtGIyPQGtWLuBLkND4ox1KHns70e83PS4te50nvPQ==",
      "requires": {}
    },
    "hoist-non-react-statics": {
      "version": "3.3.2",
      "resolved": "https://registry.npmjs.org/hoist-non-react-statics/-/hoist-non-react-statics-3.3.2.tgz",
      "integrity": "sha512-/gGivxi8JPKWNm/W0jSmzcMPpfpPLc3dY/6GxhX2hQ9iGj3aDfklV4ET7NjKpSinLpJ5vafa9iiGIEZg10SfBw==",
      "dev": true,
      "requires": {
        "react-is": "^16.7.0"
      }
    },
    "js-tokens": {
      "version": "4.0.0",
      "resolved": "https://registry.npmjs.org/js-tokens/-/js-tokens-4.0.0.tgz",
      "integrity": "sha512-RdJUflcE3cUzKiMqQgsCu06FPu9UdIJO0beYbPhHN4k6apgJtifcoCtT9bcxOpYBtpD2kCM6Sbzg4CausW/PKQ==",
      "dev": true
    },
    "loose-envify": {
      "version": "1.4.0",
      "resolved": "https://registry.npmjs.org/loose-envify/-/loose-envify-1.4.0.tgz",
      "integrity": "sha512-lyuxPGr/Wfhrlem2CL/UcnUc1zcqKAImBDzukY7Y5F/yQiNdko6+fRLevlw1HgMySw7f611UIY408EtxRSoK3Q==",
      "dev": true,
      "requires": {
        "js-tokens": "^3.0.0 || ^4.0.0"
      }
    },
    "lru-cache": {
      "version": "11.2.2",
      "resolved": "https://registry.npmjs.org/lru-cache/-/lru-cache-11.2.2.tgz",
      "integrity": "sha512-F9ODfyqML2coTIsQpSkRHnLSZMtkU8Q+mSfcaIyKwy58u+8k5nvAYeiNhsyMARvzNcXJ9QfWVrcPsC9e9rAxtg=="
    },
    "minimatch": {
      "version": "10.1.1",
      "resolved": "https://registry.npmjs.org/minimatch/-/minimatch-10.1.1.tgz",
      "integrity": "sha512-enIvLvRAFZYXJzkCYG5RKmPfrFArdLv+R+lbQ53BmIMLIry74bjKzX6iHAm8WYamJkhSSEabrWN5D97XnKObjQ==",
      "requires": {
        "@isaacs/brace-expansion": "^5.0.0"
      }
    },
    "minipass": {
      "version": "7.1.2",
      "resolved": "https://registry.npmjs.org/minipass/-/minipass-7.1.2.tgz",
      "integrity": "sha512-qOOzS1cBTWYF4BH8fVePDBOO9iptMnGUEZwNc/cMWnTV2nVLZ7VoNWEPHkYczZA0pdoA7dl6e7FL659nX9S2aw=="
    },
    "object-assign": {
      "version": "4.1.1",
      "resolved": "https://registry.npmjs.org/object-assign/-/object-assign-4.1.1.tgz",
      "integrity": "sha1-IQmtx5ZYh8/AXLvUQsrIv7s2CGM=",
      "dev": true
    },
    "optimism": {
      "version": "0.16.1",
      "resolved": "https://registry.npmjs.org/optimism/-/optimism-0.16.1.tgz",
      "integrity": "sha512-64i+Uw3otrndfq5kaoGNoY7pvOhSsjFEN4bdEFh80MWVk/dbgJfMv7VFDeCT8LxNAlEVhQmdVEbfE7X2nWNIIg==",
      "dev": true,
      "requires": {
        "@wry/context": "^0.6.0",
        "@wry/trie": "^0.3.0"
      }
    },
    "package-json-from-dist": {
      "version": "1.0.1",
      "resolved": "https://registry.npmjs.org/package-json-from-dist/-/package-json-from-dist-1.0.1.tgz",
      "integrity": "sha512-UEZIS3/by4OC8vL3P2dTXRETpebLI2NiI5vIrjaD/5UtrkFX/tNbwjTSRAGC/+7CAo2pIcBaRgWmcBBHcsaCIw=="
    },
    "path-scurry": {
      "version": "2.0.1",
      "resolved": "https://registry.npmjs.org/path-scurry/-/path-scurry-2.0.1.tgz",
      "integrity": "sha512-oWyT4gICAu+kaA7QWk/jvCHWarMKNs6pXOGWKDTr7cw4IGcUbW+PeTfbaQiLGheFRpjo6O9J0PmyMfQPjH71oA==",
      "requires": {
        "lru-cache": "^11.0.0",
        "minipass": "^7.1.2"
      }
    },
    "prop-types": {
      "version": "15.7.2",
      "resolved": "https://registry.npmjs.org/prop-types/-/prop-types-15.7.2.tgz",
      "integrity": "sha512-8QQikdH7//R2vurIJSutZ1smHYTcLpRWEOlHnzcWHmBYrOGUysKwSsrC89BCiFj3CbrfJ/nXFdJepOVrY1GCHQ==",
      "dev": true,
      "requires": {
        "loose-envify": "^1.4.0",
        "object-assign": "^4.1.1",
        "react-is": "^16.8.1"
      }
    },
    "react-is": {
      "version": "16.13.1",
      "resolved": "https://registry.npmjs.org/react-is/-/react-is-16.13.1.tgz",
      "integrity": "sha512-24e6ynE2H+OKt4kqsOvNd8kBpV65zoxbA4BVsEOB3ARVWQki/DHzaUoC5KuON/BiccDaCCTZBuOcfZs70kR8bQ==",
      "dev": true
    },
    "rimraf": {
      "version": "6.1.2",
      "resolved": "https://registry.npmjs.org/rimraf/-/rimraf-6.1.2.tgz",
      "integrity": "sha512-cFCkPslJv7BAXJsYlK1dZsbP8/ZNLkCAQ0bi1hf5EKX2QHegmDFEFA6QhuYJlk7UDdc+02JjO80YSOrWPpw06g==",
      "requires": {
        "glob": "^13.0.0",
        "package-json-from-dist": "^1.0.1"
      }
    },
    "symbol-observable": {
      "version": "4.0.0",
      "resolved": "https://registry.npmjs.org/symbol-observable/-/symbol-observable-4.0.0.tgz",
      "integrity": "sha512-b19dMThMV4HVFynSAM1++gBHAbk2Tc/osgLIBZMKsyqh34jb2e8Os7T6ZW/Bt3pJFdBTd2JwAnAAEQV7rSNvcQ==",
      "dev": true
    },
    "ts-invariant": {
      "version": "0.10.3",
      "resolved": "https://registry.npmjs.org/ts-invariant/-/ts-invariant-0.10.3.tgz",
      "integrity": "sha512-uivwYcQaxAucv1CzRp2n/QdYPo4ILf9VXgH19zEIjFx2EJufV16P0JtJVpYHy89DItG6Kwj2oIUjrcK5au+4tQ==",
      "dev": true,
      "requires": {
        "tslib": "^2.1.0"
      }
    },
    "tslib": {
      "version": "2.4.0",
      "resolved": "https://registry.npmjs.org/tslib/-/tslib-2.4.0.tgz",
      "integrity": "sha512-d6xOpEDfsi2CZVlPQzGeux8XMwLT9hssAsaPYExaQMuYskwb+x1x7J371tWlbBdWHroy99KnVB6qIkUbs5X3UQ==",
      "dev": true
    },
    "wonka": {
      "version": "4.0.15",
      "resolved": "https://registry.npmjs.org/wonka/-/wonka-4.0.15.tgz",
      "integrity": "sha512-U0IUQHKXXn6PFo9nqsHphVCE5m3IntqZNB9Jjn7EB1lrR7YTDY3YWgFvEvwniTzXSvOH/XMzAZaIfJF/LvHYXg=="
    },
    "zen-observable": {
      "version": "0.8.15",
      "resolved": "https://registry.npmjs.org/zen-observable/-/zen-observable-0.8.15.tgz",
      "integrity": "sha512-PQ2PC7R9rslx84ndNBZB/Dkv8V8fZEpk83RLgXtYd0fwUgEjseMn1Dgajh2x6S8QbZAFa9p2qVCEuYZNgve0dQ==",
      "dev": true
    },
    "zen-observable-ts": {
      "version": "1.2.5",
      "resolved": "https://registry.npmjs.org/zen-observable-ts/-/zen-observable-ts-1.2.5.tgz",
      "integrity": "sha512-QZWQekv6iB72Naeake9hS1KxHlotfRpe+WGNbNx5/ta+R3DNjVO2bswf63gXlWDcs+EMd7XY8HfVQyP1X6T4Zg==",
      "dev": true,
      "requires": {
        "zen-observable": "0.8.15"
      }
    }
  }
}
