{
  "name": "purescript-graphql-client",
  "version": "1.7.6",
  "lockfileVersion": 1,
  "requires": true,
  "dependencies": {
    "exec-sh": {
      "version": "0.3.4",
      "resolved": "https://registry.npmjs.org/exec-sh/-/exec-sh-0.3.4.tgz",
      "integrity": "sha512-sEFIkc61v75sWeOe72qyrqg2Qg0OuLESziUDk/O/z2qgS15y2gWVFrI6f2Qn/qw/0/NCfCEsmNA4zOjkwEZT1A==",
      "dev": true
    }
  }
}
